{
  "pins" : [
    {
      "identity" : "rook-ios-extraction-sdk",
      "kind" : "remoteSourceControl",
      "location" : "https://github.com/RookeriesDevelopment/rook-ios-extraction-sdk",
      "state" : {
        "revision" : "b6bbedf30215798bea27aaff0285e9ce83f7f6fc",
        "version" : "1.0.4"
      }
    },
    {
      "identity" : "rook-ios-transmission-sdk",
      "kind" : "remoteSourceControl",
      "location" : "https://github.com/RookeriesDevelopment/rook-ios-transmission-sdk.git",
      "state" : {
        "branch" : "main",
        "revision" : "810a6f0af1a10ca5be7a6be2baf1b7df5e738639"
      }
    },
    {
      "identity" : "rook-ios-users-sdk",
      "kind" : "remoteSourceControl",
      "location" : "https://github.com/RookeriesDevelopment/rook-ios-users-sdk",
      "state" : {
        "revision" : "d785b29b9502368db84a51e5eeba3e0ab1679db8",
        "version" : "1.0.2"
      }
    }
  ],
  "version" : 2
}
