{
  "pins" : [
    {
      "identity" : "rook-ios-extraction-sdk",
      "kind" : "remoteSourceControl",
      "location" : "https://github.com/RookeriesDevelopment/rook-ios-extraction-sdk",
      "state" : {
        "revision" : "6e27b2709e5b7ea5fb0eaac91ecea08d98a0e3e0",
        "version" : "1.0.7"
      }
    },
    {
      "identity" : "rook-ios-transmission-sdk",
      "kind" : "remoteSourceControl",
      "location" : "https://github.com/RookeriesDevelopment/rook-ios-transmission-sdk.git",
      "state" : {
        "branch" : "main",
        "revision" : "e8b801911c66465712306f8ee08eb560716c56c3"
      }
    },
    {
      "identity" : "rook-ios-users-sdk",
      "kind" : "remoteSourceControl",
      "location" : "https://github.com/RookeriesDevelopment/rook-ios-users-sdk",
      "state" : {
        "revision" : "ddf15370e8a5a339e1cadd883f5f54242dfa8913",
        "version" : "1.0.3"
      }
    }
  ],
  "version" : 2
}
